
Microsoft Visual Studio Solution File, Format Version 12.00
# Visual Studio Version 17
VisualStudioVersion = 17.4.33205.214
MinimumVisualStudioVersion = 10.0.40219.1
Project("{FAE04EC0-301F-11D3-BF4B-00C04F79EFBC}") = "checksum", "checksum.csproj", "{729381BD-2136-4065-A014-03BF419F308F}"
EndProject
Global
	GlobalSection(SolutionConfigurationPlatforms) = preSolution
		Debug|Any CPU = Debug|Any CPU
		Release|Any CPU = Release|Any CPU
	EndGlobalSection
	GlobalSection(ProjectConfigurationPlatforms) = postSolution
		{729381BD-2136-4065-A014-03BF419F308F}.Debug|Any CPU.ActiveCfg = Debug|Any CPU
		{729381BD-2136-4065-A014-03BF419F308F}.Debug|Any CPU.Build.0 = Debug|Any CPU
		{729381BD-2136-4065-A014-03BF419F308F}.Release|Any CPU.ActiveCfg = Release|Any CPU
		{729381BD-2136-4065-A014-03BF419F308F}.Release|Any CPU.Build.0 = Release|Any CPU
	EndGlobalSection
	GlobalSection(SolutionProperties) = preSolution
		HideSolutionNode = FALSE
	EndGlobalSection
	GlobalSection(ExtensibilityGlobals) = postSolution
		SolutionGuid = {90CCBC60-32C2-4B9B-9B84-2918754377F8}
	EndGlobalSection
EndGlobal
